
Microsoft Visual Studio Solution File, Format Version 12.00
# Visual Studio Version 17
VisualStudioVersion = 17.12.35527.113
MinimumVisualStudioVersion = 10.0.40219.1
Project("{FAE04EC0-301F-11D3-BF4B-00C04F79EFBC}") = "SRIJANWEBUI", "SRIJANWEBUI\SRIJANWEBUI.csproj", "{66890DAD-CFC5-4160-84D8-6B1EA7F47D1F}"
EndProject
Project("{FAE04EC0-301F-11D3-BF4B-00C04F79EFBC}") = "UserManagementService", "UserManagementService\UserManagementService.csproj", "{417D03DC-9E24-40AB-B15B-EFB77F1C4971}"
EndProject
Global
	GlobalSection(SolutionConfigurationPlatforms) = preSolution
		Debug|Any CPU = Debug|Any CPU
		Release|Any CPU = Release|Any CPU
	EndGlobalSection
	GlobalSection(ProjectConfigurationPlatforms) = postSolution
		{66890DAD-CFC5-4160-84D8-6B1EA7F47D1F}.Debug|Any CPU.ActiveCfg = Debug|Any CPU
		{66890DAD-CFC5-4160-84D8-6B1EA7F47D1F}.Debug|Any CPU.Build.0 = Debug|Any CPU
		{66890DAD-CFC5-4160-84D8-6B1EA7F47D1F}.Release|Any CPU.ActiveCfg = Release|Any CPU
		{66890DAD-CFC5-4160-84D8-6B1EA7F47D1F}.Release|Any CPU.Build.0 = Release|Any CPU
		{417D03DC-9E24-40AB-B15B-EFB77F1C4971}.Debug|Any CPU.ActiveCfg = Debug|Any CPU
		{417D03DC-9E24-40AB-B15B-EFB77F1C4971}.Debug|Any CPU.Build.0 = Debug|Any CPU
		{417D03DC-9E24-40AB-B15B-EFB77F1C4971}.Release|Any CPU.ActiveCfg = Release|Any CPU
		{417D03DC-9E24-40AB-B15B-EFB77F1C4971}.Release|Any CPU.Build.0 = Release|Any CPU
	EndGlobalSection
	GlobalSection(SolutionProperties) = preSolution
		HideSolutionNode = FALSE
	EndGlobalSection
EndGlobal
